
Microsoft Visual Studio Solution File, Format Version 12.00
# Visual Studio Version 17
VisualStudioVersion = 17.5.2.0
MinimumVisualStudioVersion = 10.0.40219.1
Project("{FAE04EC0-301F-11D3-BF4B-00C04F79EFBC}") = "TodoApi", "TodoApi\TodoApi.csproj", "{A9D74EAC-F660-8A73-E2EA-C8EF81470181}"
EndProject
Project("{FAE04EC0-301F-11D3-BF4B-00C04F79EFBC}") = "TodoApi.Tests", "TodoApi.Tests\TodoApi.Tests.csproj", "{0AEA67A8-007E-4277-B2EF-6520A05ADB2A}"
EndProject
Global
	GlobalSection(SolutionConfigurationPlatforms) = preSolution
		Debug|Any CPU = Debug|Any CPU
		Debug|x64 = Debug|x64
		Debug|x86 = Debug|x86
		Release|Any CPU = Release|Any CPU
		Release|x64 = Release|x64
		Release|x86 = Release|x86
	EndGlobalSection
	GlobalSection(ProjectConfigurationPlatforms) = postSolution
		{A9D74EAC-F660-8A73-E2EA-C8EF81470181}.Debug|Any CPU.ActiveCfg = Debug|Any CPU
		{A9D74EAC-F660-8A73-E2EA-C8EF81470181}.Debug|Any CPU.Build.0 = Debug|Any CPU
		{A9D74EAC-F660-8A73-E2EA-C8EF81470181}.Debug|x64.ActiveCfg = Debug|Any CPU
		{A9D74EAC-F660-8A73-E2EA-C8EF81470181}.Debug|x64.Build.0 = Debug|Any CPU
		{A9D74EAC-F660-8A73-E2EA-C8EF81470181}.Debug|x86.ActiveCfg = Debug|Any CPU
		{A9D74EAC-F660-8A73-E2EA-C8EF81470181}.Debug|x86.Build.0 = Debug|Any CPU
		{A9D74EAC-F660-8A73-E2EA-C8EF81470181}.Release|Any CPU.ActiveCfg = Release|Any CPU
		{A9D74EAC-F660-8A73-E2EA-C8EF81470181}.Release|Any CPU.Build.0 = Release|Any CPU
		{A9D74EAC-F660-8A73-E2EA-C8EF81470181}.Release|x64.ActiveCfg = Release|Any CPU
		{A9D74EAC-F660-8A73-E2EA-C8EF81470181}.Release|x64.Build.0 = Release|Any CPU
		{A9D74EAC-F660-8A73-E2EA-C8EF81470181}.Release|x86.ActiveCfg = Release|Any CPU
		{A9D74EAC-F660-8A73-E2EA-C8EF81470181}.Release|x86.Build.0 = Release|Any CPU
		{0AEA67A8-007E-4277-B2EF-6520A05ADB2A}.Debug|Any CPU.ActiveCfg = Debug|Any CPU
		{0AEA67A8-007E-4277-B2EF-6520A05ADB2A}.Debug|Any CPU.Build.0 = Debug|Any CPU
		{0AEA67A8-007E-4277-B2EF-6520A05ADB2A}.Debug|x64.ActiveCfg = Debug|Any CPU
		{0AEA67A8-007E-4277-B2EF-6520A05ADB2A}.Debug|x64.Build.0 = Debug|Any CPU
		{0AEA67A8-007E-4277-B2EF-6520A05ADB2A}.Debug|x86.ActiveCfg = Debug|Any CPU
		{0AEA67A8-007E-4277-B2EF-6520A05ADB2A}.Debug|x86.Build.0 = Debug|Any CPU
		{0AEA67A8-007E-4277-B2EF-6520A05ADB2A}.Release|Any CPU.ActiveCfg = Release|Any CPU
		{0AEA67A8-007E-4277-B2EF-6520A05ADB2A}.Release|Any CPU.Build.0 = Release|Any CPU
		{0AEA67A8-007E-4277-B2EF-6520A05ADB2A}.Release|x64.ActiveCfg = Release|Any CPU
		{0AEA67A8-007E-4277-B2EF-6520A05ADB2A}.Release|x64.Build.0 = Release|Any CPU
		{0AEA67A8-007E-4277-B2EF-6520A05ADB2A}.Release|x86.ActiveCfg = Release|Any CPU
		{0AEA67A8-007E-4277-B2EF-6520A05ADB2A}.Release|x86.Build.0 = Release|Any CPU
	EndGlobalSection
	GlobalSection(SolutionProperties) = preSolution
		HideSolutionNode = FALSE
	EndGlobalSection
	GlobalSection(ExtensibilityGlobals) = postSolution
		SolutionGuid = {58EE7943-7253-4EC5-9C4F-812D940F389A}
	EndGlobalSection
EndGlobal
